# This file is automatically @generated by Cargo.
# It is not intended for manual editing.
version = 4

[[package]]
name = "psx"
version = "0.1.8"
source = "git+ssh://git@github.com/ayrtonm/psx-sdk-rs#8a5175c7908c4e877d573a31404aa95d167a101c"

[[package]]
name = "psxdemos"
version = "0.1.0"
dependencies = [
 "psx",
]
